
Microsoft Visual Studio Solution File, Format Version 12.00
# Visual Studio Version 17
VisualStudioVersion = 17.9.34728.123
MinimumVisualStudioVersion = 10.0.40219.1
Project("{FAE04EC0-301F-11D3-BF4B-00C04F79EFBC}") = "WebDavServer", "WebDavServer\WebDavServer.csproj", "{A36C6B74-0ACA-41D3-BC78-4761052CFC81}"
EndProject
Project("{00D1A9C2-B5F0-4AF3-8072-F6C62B433612}") = "WebDavDb", "..\WebDavDb\WebDavDb.sqlproj", "{411C9B74-5F0D-4CE7-8441-76A59A73F2A4}"
EndProject
Global
	GlobalSection(SolutionConfigurationPlatforms) = preSolution
		Debug|Any CPU = Debug|Any CPU
		Release|Any CPU = Release|Any CPU
	EndGlobalSection
	GlobalSection(ProjectConfigurationPlatforms) = postSolution
		{A36C6B74-0ACA-41D3-BC78-4761052CFC81}.Debug|Any CPU.ActiveCfg = Debug|Any CPU
		{A36C6B74-0ACA-41D3-BC78-4761052CFC81}.Debug|Any CPU.Build.0 = Debug|Any CPU
		{A36C6B74-0ACA-41D3-BC78-4761052CFC81}.Release|Any CPU.ActiveCfg = Release|Any CPU
		{A36C6B74-0ACA-41D3-BC78-4761052CFC81}.Release|Any CPU.Build.0 = Release|Any CPU
		{411C9B74-5F0D-4CE7-8441-76A59A73F2A4}.Debug|Any CPU.ActiveCfg = Debug|Any CPU
		{411C9B74-5F0D-4CE7-8441-76A59A73F2A4}.Debug|Any CPU.Build.0 = Debug|Any CPU
		{411C9B74-5F0D-4CE7-8441-76A59A73F2A4}.Debug|Any CPU.Deploy.0 = Debug|Any CPU
		{411C9B74-5F0D-4CE7-8441-76A59A73F2A4}.Release|Any CPU.ActiveCfg = Release|Any CPU
		{411C9B74-5F0D-4CE7-8441-76A59A73F2A4}.Release|Any CPU.Build.0 = Release|Any CPU
		{411C9B74-5F0D-4CE7-8441-76A59A73F2A4}.Release|Any CPU.Deploy.0 = Release|Any CPU
	EndGlobalSection
	GlobalSection(SolutionProperties) = preSolution
		HideSolutionNode = FALSE
	EndGlobalSection
	GlobalSection(ExtensibilityGlobals) = postSolution
		SolutionGuid = {9B388710-4FCB-4914-8C4A-DB72AB786BDB}
	EndGlobalSection
EndGlobal
